
Microsoft Visual Studio Solution File, Format Version 12.00
# Visual Studio Version 17
VisualStudioVersion = 17.7.34202.233
MinimumVisualStudioVersion = 10.0.40219.1
Project("{9A19103F-16F7-4668-BE54-9A1E7A4F7556}") = "HumanRegisterWebApi", "HumanRegisterWebApi\HumanRegisterWebApi.csproj", "{5C1585F7-40F6-4943-9F82-1134F18FD30E}"
EndProject
Project("{9A19103F-16F7-4668-BE54-9A1E7A4F7556}") = "AdminControllerTests", "AdminControllerTests\AdminControllerTests.csproj", "{8909330A-5FED-43D5-9AAB-57311B4E563B}"
EndProject
Project("{FAE04EC0-301F-11D3-BF4B-00C04F79EFBC}") = "UserControllerTests", "UserControllerTests\UserControllerTests.csproj", "{921C1A1B-B228-4E89-AA51-3840B5F81204}"
EndProject
Global
	GlobalSection(SolutionConfigurationPlatforms) = preSolution
		Debug|Any CPU = Debug|Any CPU
		Release|Any CPU = Release|Any CPU
	EndGlobalSection
	GlobalSection(ProjectConfigurationPlatforms) = postSolution
		{5C1585F7-40F6-4943-9F82-1134F18FD30E}.Debug|Any CPU.ActiveCfg = Debug|Any CPU
		{5C1585F7-40F6-4943-9F82-1134F18FD30E}.Debug|Any CPU.Build.0 = Debug|Any CPU
		{5C1585F7-40F6-4943-9F82-1134F18FD30E}.Release|Any CPU.ActiveCfg = Release|Any CPU
		{5C1585F7-40F6-4943-9F82-1134F18FD30E}.Release|Any CPU.Build.0 = Release|Any CPU
		{8909330A-5FED-43D5-9AAB-57311B4E563B}.Debug|Any CPU.ActiveCfg = Debug|Any CPU
		{8909330A-5FED-43D5-9AAB-57311B4E563B}.Debug|Any CPU.Build.0 = Debug|Any CPU
		{8909330A-5FED-43D5-9AAB-57311B4E563B}.Release|Any CPU.ActiveCfg = Release|Any CPU
		{8909330A-5FED-43D5-9AAB-57311B4E563B}.Release|Any CPU.Build.0 = Release|Any CPU
		{921C1A1B-B228-4E89-AA51-3840B5F81204}.Debug|Any CPU.ActiveCfg = Debug|Any CPU
		{921C1A1B-B228-4E89-AA51-3840B5F81204}.Debug|Any CPU.Build.0 = Debug|Any CPU
		{921C1A1B-B228-4E89-AA51-3840B5F81204}.Release|Any CPU.ActiveCfg = Release|Any CPU
		{921C1A1B-B228-4E89-AA51-3840B5F81204}.Release|Any CPU.Build.0 = Release|Any CPU
	EndGlobalSection
	GlobalSection(SolutionProperties) = preSolution
		HideSolutionNode = FALSE
	EndGlobalSection
	GlobalSection(ExtensibilityGlobals) = postSolution
		SolutionGuid = {FFC84977-34AE-44DD-B443-907DEBEDC575}
	EndGlobalSection
EndGlobal
